
Microsoft Visual Studio Solution File, Format Version 12.00
# Visual Studio 2015
Project("{FAE04EC0-301F-11D3-BF4B-00C04F79EFBC}") = "Lesson_02", "Lesson_02.csproj", "{C3877EDB-3229-EFF3-87F8-040E158A9AFF}"
EndProject
Global
	GlobalSection(SolutionConfigurationPlatforms) = preSolution
		Debug|Any CPU = Debug|Any CPU
		Release|Any CPU = Release|Any CPU
	EndGlobalSection
	GlobalSection(ProjectConfigurationPlatforms) = postSolution
		{C3877EDB-3229-EFF3-87F8-040E158A9AFF}.Debug|Any CPU.ActiveCfg = Debug|Any CPU
		{C3877EDB-3229-EFF3-87F8-040E158A9AFF}.Debug|Any CPU.Build.0 = Debug|Any CPU
		{C3877EDB-3229-EFF3-87F8-040E158A9AFF}.Release|Any CPU.ActiveCfg = Release|Any CPU
		{C3877EDB-3229-EFF3-87F8-040E158A9AFF}.Release|Any CPU.Build.0 = Release|Any CPU
	EndGlobalSection
	GlobalSection(SolutionProperties) = preSolution
		HideSolutionNode = FALSE
	EndGlobalSection
EndGlobal
